// !$*UTF8*$!
{
	archiveVersion = 1;
	classes = {
	};
	objectVersion = 56;
	objects = {

/* Begin PBXBuildFile section */
		4ADED0152A1F549E00CED7CB /* AppDelegate.swift in Sources */ = {isa = PBXBuildFile; fileRef = 4ADED0142A1F549E00CED7CB /* AppDelegate.swift */; };
		4ADED0172A1F549E00CED7CB /* SceneDelegate.swift in Sources */ = {isa = PBXBuildFile; fileRef = 4ADED0162A1F549E00CED7CB /* SceneDelegate.swift */; };
		4ADED0192A1F549E00CED7CB /* ViewController.swift in Sources */ = {isa = PBXBuildFile; fileRef = 4ADED0182A1F549E00CED7CB /* ViewController.swift */; };
		4ADED01C2A1F549E00CED7CB /* Main.storyboard in Resources */ = {isa = PBXBuildFile; fileRef = 4ADED01A2A1F549E00CED7CB /* Main.storyboard */; };
		4ADED01E2A1F54A000CED7CB /* Assets.xcassets in Resources */ = {isa = PBXBuildFile; fileRef = 4ADED01D2A1F54A000CED7CB /* Assets.xcassets */; };
		4ADED0212A1F54A000CED7CB /* LaunchScreen.storyboard in Resources */ = {isa = PBXBuildFile; fileRef = 4ADED01F2A1F54A000CED7CB /* LaunchScreen.storyboard */; };
		4ADED02B2A1F813100CED7CB /* CryptoTableViewCell.swift in Sources */ = {isa = PBXBuildFile; fileRef = 4ADED02A2A1F813100CED7CB /* CryptoTableViewCell.swift */; };
		4ADED0312A1F83A600CED7CB /* CryptoCurrency.swift in Sources */ = {isa = PBXBuildFile; fileRef = 4ADED0302A1F83A600CED7CB /* CryptoCurrency.swift */; };
		4ADED0332A1F84E100CED7CB /* WebService.swift in Sources */ = {isa = PBXBuildFile; fileRef = 4ADED0322A1F84E100CED7CB /* WebService.swift */; };
		4ADED0352A1F8F7200CED7CB /* CryptoViewModel.swift in Sources */ = {isa = PBXBuildFile; fileRef = 4ADED0342A1F8F7200CED7CB /* CryptoViewModel.swift */; };
/* End PBXBuildFile section */

/* Begin PBXFileReference section */
		4ADED0112A1F549E00CED7CB /* mvvm.app */ = {isa = PBXFileReference; explicitFileType = wrapper.application; includeInIndex = 0; path = mvvm.app; sourceTree = BUILT_PRODUCTS_DIR; };
		4ADED0142A1F549E00CED7CB /* AppDelegate.swift */ = {isa = PBXFileReference; lastKnownFileType = sourcecode.swift; path = AppDelegate.swift; sourceTree = "<group>"; };
		4ADED0162A1F549E00CED7CB /* SceneDelegate.swift */ = {isa = PBXFileReference; lastKnownFileType = sourcecode.swift; path = SceneDelegate.swift; sourceTree = "<group>"; };
		4ADED0182A1F549E00CED7CB /* ViewController.swift */ = {isa = PBXFileReference; lastKnownFileType = sourcecode.swift; path = ViewController.swift; sourceTree = "<group>"; };
		4ADED01B2A1F549E00CED7CB /* Base */ = {isa = PBXFileReference; lastKnownFileType = file.storyboard; name = Base; path = Base.lproj/Main.storyboard; sourceTree = "<group>"; };
		4ADED01D2A1F54A000CED7CB /* Assets.xcassets */ = {isa = PBXFileReference; lastKnownFileType = folder.assetcatalog; path = Assets.xcassets; sourceTree = "<group>"; };
		4ADED0202A1F54A000CED7CB /* Base */ = {isa = PBXFileReference; lastKnownFileType = file.storyboard; name = Base; path = Base.lproj/LaunchScreen.storyboard; sourceTree = "<group>"; };
		4ADED0222A1F54A000CED7CB /* Info.plist */ = {isa = PBXFileReference; lastKnownFileType = text.plist.xml; path = Info.plist; sourceTree = "<group>"; };
		4ADED02A2A1F813100CED7CB /* CryptoTableViewCell.swift */ = {isa = PBXFileReference; lastKnownFileType = sourcecode.swift; path = CryptoTableViewCell.swift; sourceTree = "<group>"; };
		4ADED0302A1F83A600CED7CB /* CryptoCurrency.swift */ = {isa = PBXFileReference; lastKnownFileType = sourcecode.swift; path = CryptoCurrency.swift; sourceTree = "<group>"; };
		4ADED0322A1F84E100CED7CB /* WebService.swift */ = {isa = PBXFileReference; lastKnownFileType = sourcecode.swift; path = WebService.swift; sourceTree = "<group>"; };
		4ADED0342A1F8F7200CED7CB /* CryptoViewModel.swift */ = {isa = PBXFileReference; lastKnownFileType = sourcecode.swift; path = CryptoViewModel.swift; sourceTree = "<group>"; };
/* End PBXFileReference section */

/* Begin PBXFrameworksBuildPhase section */
		4ADED00E2A1F549E00CED7CB /* Frameworks */ = {
			isa = PBXFrameworksBuildPhase;
			buildActionMask = 2147483647;
			files = (
			);
			runOnlyForDeploymentPostprocessing = 0;
		};
/* End PBXFrameworksBuildPhase section */

/* Begin PBXGroup section */
		4ADED0082A1F549E00CED7CB = {
			isa = PBXGroup;
			children = (
				4ADED0132A1F549E00CED7CB /* mvvm */,
				4ADED0122A1F549E00CED7CB /* Products */,
			);
			sourceTree = "<group>";
		};
		4ADED0122A1F549E00CED7CB /* Products */ = {
			isa = PBXGroup;
			children = (
				4ADED0112A1F549E00CED7CB /* mvvm.app */,
			);
			name = Products;
			sourceTree = "<group>";
		};
		4ADED0132A1F549E00CED7CB /* mvvm */ = {
			isa = PBXGroup;
			children = (
				4ADED02F2A1F836300CED7CB /* Service */,
				4ADED02E2A1F835700CED7CB /* ViewModel */,
				4ADED02D2A1F835200CED7CB /* Model */,
				4ADED02C2A1F834800CED7CB /* View */,
				4ADED01A2A1F549E00CED7CB /* Main.storyboard */,
				4ADED01D2A1F54A000CED7CB /* Assets.xcassets */,
				4ADED01F2A1F54A000CED7CB /* LaunchScreen.storyboard */,
				4ADED0222A1F54A000CED7CB /* Info.plist */,
			);
			path = mvvm;
			sourceTree = "<group>";
		};
		4ADED02C2A1F834800CED7CB /* View */ = {
			isa = PBXGroup;
			children = (
				4ADED0162A1F549E00CED7CB /* SceneDelegate.swift */,
				4ADED0142A1F549E00CED7CB /* AppDelegate.swift */,
				4ADED0182A1F549E00CED7CB /* ViewController.swift */,
				4ADED02A2A1F813100CED7CB /* CryptoTableViewCell.swift */,
			);
			path = View;
			sourceTree = "<group>";
		};
		4ADED02D2A1F835200CED7CB /* Model */ = {
			isa = PBXGroup;
			children = (
				4ADED0302A1F83A600CED7CB /* CryptoCurrency.swift */,
			);
			path = Model;
			sourceTree = "<group>";
		};
		4ADED02E2A1F835700CED7CB /* ViewModel */ = {
			isa = PBXGroup;
			children = (
				4ADED0342A1F8F7200CED7CB /* CryptoViewModel.swift */,
			);
			path = ViewModel;
			sourceTree = "<group>";
		};
		4ADED02F2A1F836300CED7CB /* Service */ = {
			isa = PBXGroup;
			children = (
				4ADED0322A1F84E100CED7CB /* WebService.swift */,
			);
			path = Service;
			sourceTree = "<group>";
		};
/* End PBXGroup section */

/* Begin PBXNativeTarget section */
		4ADED0102A1F549E00CED7CB /* mvvm */ = {
			isa = PBXNativeTarget;
			buildConfigurationList = 4ADED0252A1F54A000CED7CB /* Build configuration list for PBXNativeTarget "mvvm" */;
			buildPhases = (
				4ADED00D2A1F549E00CED7CB /* Sources */,
				4ADED00E2A1F549E00CED7CB /* Frameworks */,
				4ADED00F2A1F549E00CED7CB /* Resources */,
			);
			buildRules = (
			);
			dependencies = (
			);
			name = mvvm;
			productName = mvvm;
			productReference = 4ADED0112A1F549E00CED7CB /* mvvm.app */;
			productType = "com.apple.product-type.application";
		};
/* End PBXNativeTarget section */

/* Begin PBXProject section */
		4ADED0092A1F549E00CED7CB /* Project object */ = {
			isa = PBXProject;
			attributes = {
				BuildIndependentTargetsInParallel = 1;
				LastSwiftUpdateCheck = 1420;
				LastUpgradeCheck = 1420;
				TargetAttributes = {
					4ADED0102A1F549E00CED7CB = {
						CreatedOnToolsVersion = 14.2;
					};
				};
			};
			buildConfigurationList = 4ADED00C2A1F549E00CED7CB /* Build configuration list for PBXProject "mvvm" */;
			compatibilityVersion = "Xcode 14.0";
			developmentRegion = en;
			hasScannedForEncodings = 0;
			knownRegions = (
				en,
				Base,
			);
			mainGroup = 4ADED0082A1F549E00CED7CB;
			productRefGroup = 4ADED0122A1F549E00CED7CB /* Products */;
			projectDirPath = "";
			projectRoot = "";
			targets = (
				4ADED0102A1F549E00CED7CB /* mvvm */,
			);
		};
/* End PBXProject section */

/* Begin PBXResourcesBuildPhase section */
		4ADED00F2A1F549E00CED7CB /* Resources */ = {
			isa = PBXResourcesBuildPhase;
			buildActionMask = 2147483647;
			files = (
				4ADED0212A1F54A000CED7CB /* LaunchScreen.storyboard in Resources */,
				4ADED01E2A1F54A000CED7CB /* Assets.xcassets in Resources */,
				4ADED01C2A1F549E00CED7CB /* Main.storyboard in Resources */,
			);
			runOnlyForDeploymentPostprocessing = 0;
		};
/* End PBXResourcesBuildPhase section */

/* Begin PBXSourcesBuildPhase section */
		4ADED00D2A1F549E00CED7CB /* Sources */ = {
			isa = PBXSourcesBuildPhase;
			buildActionMask = 2147483647;
			files = (
				4ADED0332A1F84E100CED7CB /* WebService.swift in Sources */,
				4ADED02B2A1F813100CED7CB /* CryptoTableViewCell.swift in Sources */,
				4ADED0192A1F549E00CED7CB /* ViewController.swift in Sources */,
				4ADED0352A1F8F7200CED7CB /* CryptoViewModel.swift in Sources */,
				4ADED0152A1F549E00CED7CB /* AppDelegate.swift in Sources */,
				4ADED0312A1F83A600CED7CB /* CryptoCurrency.swift in Sources */,
				4ADED0172A1F549E00CED7CB /* SceneDelegate.swift in Sources */,
			);
			runOnlyForDeploymentPostprocessing = 0;
		};
/* End PBXSourcesBuildPhase section */

/* Begin PBXVariantGroup section */
		4ADED01A2A1F549E00CED7CB /* Main.storyboard */ = {
			isa = PBXVariantGroup;
			children = (
				4ADED01B2A1F549E00CED7CB /* Base */,
			);
			name = Main.storyboard;
			sourceTree = "<group>";
		};
		4ADED01F2A1F54A000CED7CB /* LaunchScreen.storyboard */ = {
			isa = PBXVariantGroup;
			children = (
				4ADED0202A1F54A000CED7CB /* Base */,
			);
			name = LaunchScreen.storyboard;
			sourceTree = "<group>";
		};
/* End PBXVariantGroup section */

/* Begin XCBuildConfiguration section */
		4ADED0232A1F54A000CED7CB /* Debug */ = {
			isa = XCBuildConfiguration;
			buildSettings = {
				ALWAYS_SEARCH_USER_PATHS = NO;
				CLANG_ANALYZER_NONNULL = YES;
				CLANG_ANALYZER_NUMBER_OBJECT_CONVERSION = YES_AGGRESSIVE;
				CLANG_CXX_LANGUAGE_STANDARD = "gnu++20";
				CLANG_ENABLE_MODULES = YES;
				CLANG_ENABLE_OBJC_ARC = YES;
				CLANG_ENABLE_OBJC_WEAK = YES;
				CLANG_WARN_BLOCK_CAPTURE_AUTORELEASING = YES;
				CLANG_WARN_BOOL_CONVERSION = YES;
				CLANG_WARN_COMMA = YES;
				CLANG_WARN_CONSTANT_CONVERSION = YES;
				CLANG_WARN_DEPRECATED_OBJC_IMPLEMENTATIONS = YES;
				CLANG_WARN_DIRECT_OBJC_ISA_USAGE = YES_ERROR;
				CLANG_WARN_DOCUMENTATION_COMMENTS = YES;
				CLANG_WARN_EMPTY_BODY = YES;
				CLANG_WARN_ENUM_CONVERSION = YES;
				CLANG_WARN_INFINITE_RECURSION = YES;
				CLANG_WARN_INT_CONVERSION = YES;
				CLANG_WARN_NON_LITERAL_NULL_CONVERSION = YES;
				CLANG_WARN_OBJC_IMPLICIT_RETAIN_SELF = YES;
				CLANG_WARN_OBJC_LITERAL_CONVERSION = YES;
				CLANG_WARN_OBJC_ROOT_CLASS = YES_ERROR;
				CLANG_WARN_QUOTED_INCLUDE_IN_FRAMEWORK_HEADER = YES;
				CLANG_WARN_RANGE_LOOP_ANALYSIS = YES;
				CLANG_WARN_STRICT_PROTOTYPES = YES;
				CLANG_WARN_SUSPICIOUS_MOVE = YES;
				CLANG_WARN_UNGUARDED_AVAILABILITY = YES_AGGRESSIVE;
				CLANG_WARN_UNREACHABLE_CODE = YES;
				CLANG_WARN__DUPLICATE_METHOD_MATCH = YES;
				COPY_PHASE_STRIP = NO;
				DEBUG_INFORMATION_FORMAT = dwarf;
				ENABLE_STRICT_OBJC_MSGSEND = YES;
				ENABLE_TESTABILITY = YES;
				GCC_C_LANGUAGE_STANDARD = gnu11;
				GCC_DYNAMIC_NO_PIC = NO;
				GCC_NO_COMMON_BLOCKS = YES;
				GCC_OPTIMIZATION_LEVEL = 0;
				GCC_PREPROCESSOR_DEFINITIONS = (
					"DEBUG=1",
					"$(inherited)",
				);
				GCC_WARN_64_TO_32_BIT_CONVERSION = YES;
				GCC_WARN_ABOUT_RETURN_TYPE = YES_ERROR;
				GCC_WARN_UNDECLARED_SELECTOR = YES;
				GCC_WARN_UNINITIALIZED_AUTOS = YES_AGGRESSIVE;
				GCC_WARN_UNUSED_FUNCTION = YES;
				GCC_WARN_UNUSED_VARIABLE = YES;
				IPHONEOS_DEPLOYMENT_TARGET = 16.2;
				MTL_ENABLE_DEBUG_INFO = INCLUDE_SOURCE;
				MTL_FAST_MATH = YES;
				ONLY_ACTIVE_ARCH = YES;
				SDKROOT = iphoneos;
				SWIFT_ACTIVE_COMPILATION_CONDITIONS = DEBUG;
				SWIFT_OPTIMIZATION_LEVEL = "-Onone";
			};
			name = Debug;
		};
		4ADED0242A1F54A000CED7CB /* Release */ = {
			isa = XCBuildConfiguration;
			buildSettings = {
				ALWAYS_SEARCH_USER_PATHS = NO;
				CLANG_ANALYZER_NONNULL = YES;
				CLANG_ANALYZER_NUMBER_OBJECT_CONVERSION = YES_AGGRESSIVE;
				CLANG_CXX_LANGUAGE_STANDARD = "gnu++20";
				CLANG_ENABLE_MODULES = YES;
				CLANG_ENABLE_OBJC_ARC = YES;
				CLANG_ENABLE_OBJC_WEAK = YES;
				CLANG_WARN_BLOCK_CAPTURE_AUTORELEASING = YES;
				CLANG_WARN_BOOL_CONVERSION = YES;
				CLANG_WARN_COMMA = YES;
				CLANG_WARN_CONSTANT_CONVERSION = YES;
				CLANG_WARN_DEPRECATED_OBJC_IMPLEMENTATIONS = YES;
				CLANG_WARN_DIRECT_OBJC_ISA_USAGE = YES_ERROR;
				CLANG_WARN_DOCUMENTATION_COMMENTS = YES;
				CLANG_WARN_EMPTY_BODY = YES;
				CLANG_WARN_ENUM_CONVERSION = YES;
				CLANG_WARN_INFINITE_RECURSION = YES;
				CLANG_WARN_INT_CONVERSION = YES;
				CLANG_WARN_NON_LITERAL_NULL_CONVERSION = YES;
				CLANG_WARN_OBJC_IMPLICIT_RETAIN_SELF = YES;
				CLANG_WARN_OBJC_LITERAL_CONVERSION = YES;
				CLANG_WARN_OBJC_ROOT_CLASS = YES_ERROR;
				CLANG_WARN_QUOTED_INCLUDE_IN_FRAMEWORK_HEADER = YES;
				CLANG_WARN_RANGE_LOOP_ANALYSIS = YES;
				CLANG_WARN_STRICT_PROTOTYPES = YES;
				CLANG_WARN_SUSPICIOUS_MOVE = YES;
				CLANG_WARN_UNGUARDED_AVAILABILITY = YES_AGGRESSIVE;
				CLANG_WARN_UNREACHABLE_CODE = YES;
				CLANG_WARN__DUPLICATE_METHOD_MATCH = YES;
				COPY_PHASE_STRIP = NO;
				DEBUG_INFORMATION_FORMAT = "dwarf-with-dsym";
				ENABLE_NS_ASSERTIONS = NO;
				ENABLE_STRICT_OBJC_MSGSEND = YES;
				GCC_C_LANGUAGE_STANDARD = gnu11;
				GCC_NO_COMMON_BLOCKS = YES;
				GCC_WARN_64_TO_32_BIT_CONVERSION = YES;
				GCC_WARN_ABOUT_RETURN_TYPE = YES_ERROR;
				GCC_WARN_UNDECLARED_SELECTOR = YES;
				GCC_WARN_UNINITIALIZED_AUTOS = YES_AGGRESSIVE;
				GCC_WARN_UNUSED_FUNCTION = YES;
				GCC_WARN_UNUSED_VARIABLE = YES;
				IPHONEOS_DEPLOYMENT_TARGET = 16.2;
				MTL_ENABLE_DEBUG_INFO = NO;
				MTL_FAST_MATH = YES;
				SDKROOT = iphoneos;
				SWIFT_COMPILATION_MODE = wholemodule;
				SWIFT_OPTIMIZATION_LEVEL = "-O";
				VALIDATE_PRODUCT = YES;
			};
			name = Release;
		};
		4ADED0262A1F54A000CED7CB /* Debug */ = {
			isa = XCBuildConfiguration;
			buildSettings = {
				ASSETCATALOG_COMPILER_APPICON_NAME = AppIcon;
				ASSETCATALOG_COMPILER_GLOBAL_ACCENT_COLOR_NAME = AccentColor;
				CODE_SIGN_STYLE = Automatic;
				CURRENT_PROJECT_VERSION = 1;
				DEVELOPMENT_TEAM = M765H93HBL;
				GENERATE_INFOPLIST_FILE = YES;
				INFOPLIST_FILE = mvvm/Info.plist;
				INFOPLIST_KEY_UIApplicationSupportsIndirectInputEvents = YES;
				INFOPLIST_KEY_UILaunchStoryboardName = LaunchScreen;
				INFOPLIST_KEY_UIMainStoryboardFile = Main;
				INFOPLIST_KEY_UISupportedInterfaceOrientations_iPad = "UIInterfaceOrientationPortrait UIInterfaceOrientationPortraitUpsideDown UIInterfaceOrientationLandscapeLeft UIInterfaceOrientationLandscapeRight";
				INFOPLIST_KEY_UISupportedInterfaceOrientations_iPhone = "UIInterfaceOrientationPortrait UIInterfaceOrientationLandscapeLeft UIInterfaceOrientationLandscapeRight";
				LD_RUNPATH_SEARCH_PATHS = (
					"$(inherited)",
					"@executable_path/Frameworks",
				);
				MARKETING_VERSION = 1.0;
				PRODUCT_BUNDLE_IDENTIFIER = com.busrakocakusakli.mvvm;
				PRODUCT_NAME = "$(TARGET_NAME)";
				SWIFT_EMIT_LOC_STRINGS = YES;
				SWIFT_VERSION = 5.0;
				TARGETED_DEVICE_FAMILY = "1,2";
			};
			name = Debug;
		};
		4ADED0272A1F54A000CED7CB /* Release */ = {
			isa = XCBuildConfiguration;
			buildSettings = {
				ASSETCATALOG_COMPILER_APPICON_NAME = AppIcon;
				ASSETCATALOG_COMPILER_GLOBAL_ACCENT_COLOR_NAME = AccentColor;
				CODE_SIGN_STYLE = Automatic;
				CURRENT_PROJECT_VERSION = 1;
				DEVELOPMENT_TEAM = M765H93HBL;
				GENERATE_INFOPLIST_FILE = YES;
				INFOPLIST_FILE = mvvm/Info.plist;
				INFOPLIST_KEY_UIApplicationSupportsIndirectInputEvents = YES;
				INFOPLIST_KEY_UILaunchStoryboardName = LaunchScreen;
				INFOPLIST_KEY_UIMainStoryboardFile = Main;
				INFOPLIST_KEY_UISupportedInterfaceOrientations_iPad = "UIInterfaceOrientationPortrait UIInterfaceOrientationPortraitUpsideDown UIInterfaceOrientationLandscapeLeft UIInterfaceOrientationLandscapeRight";
				INFOPLIST_KEY_UISupportedInterfaceOrientations_iPhone = "UIInterfaceOrientationPortrait UIInterfaceOrientationLandscapeLeft UIInterfaceOrientationLandscapeRight";
				LD_RUNPATH_SEARCH_PATHS = (
					"$(inherited)",
					"@executable_path/Frameworks",
				);
				MARKETING_VERSION = 1.0;
				PRODUCT_BUNDLE_IDENTIFIER = com.busrakocakusakli.mvvm;
				PRODUCT_NAME = "$(TARGET_NAME)";
				SWIFT_EMIT_LOC_STRINGS = YES;
				SWIFT_VERSION = 5.0;
				TARGETED_DEVICE_FAMILY = "1,2";
			};
			name = Release;
		};
/* End XCBuildConfiguration section */

/* Begin XCConfigurationList section */
		4ADED00C2A1F549E00CED7CB /* Build configuration list for PBXProject "mvvm" */ = {
			isa = XCConfigurationList;
			buildConfigurations = (
				4ADED0232A1F54A000CED7CB /* Debug */,
				4ADED0242A1F54A000CED7CB /* Release */,
			);
			defaultConfigurationIsVisible = 0;
			defaultConfigurationName = Release;
		};
		4ADED0252A1F54A000CED7CB /* Build configuration list for PBXNativeTarget "mvvm" */ = {
			isa = XCConfigurationList;
			buildConfigurations = (
				4ADED0262A1F54A000CED7CB /* Debug */,
				4ADED0272A1F54A000CED7CB /* Release */,
			);
			defaultConfigurationIsVisible = 0;
			defaultConfigurationName = Release;
		};
/* End XCConfigurationList section */
	};
	rootObject = 4ADED0092A1F549E00CED7CB /* Project object */;
}
